Microsoft Visual Studio Solution File, Format Version 12.00
# Visual Studio 2012
Project("{FAE04EC0-301F-11D3-BF4B-00C04F79EFBC}") = "YourfortV", "YourfortV.csproj", "{FF89645B-804D-485D-BFAB-AA51330D8862}"
EndProject
Global
	GlobalSection(SolutionConfigurationPlatforms) = preSolution
	Debug|Any CPU = Debug|Any CPU
	ExportDebug|Any CPU = ExportDebug|Any CPU
	ExportRelease|Any CPU = ExportRelease|Any CPU
	EndGlobalSection
	GlobalSection(ProjectConfigurationPlatforms) = postSolution
		{FF89645B-804D-485D-BFAB-AA51330D8862}.Debug|Any CPU.ActiveCfg = Debug|Any CPU
		{FF89645B-804D-485D-BFAB-AA51330D8862}.Debug|Any CPU.Build.0 = Debug|Any CPU
		{FF89645B-804D-485D-BFAB-AA51330D8862}.ExportDebug|Any CPU.ActiveCfg = ExportDebug|Any CPU
		{FF89645B-804D-485D-BFAB-AA51330D8862}.ExportDebug|Any CPU.Build.0 = ExportDebug|Any CPU
		{FF89645B-804D-485D-BFAB-AA51330D8862}.ExportRelease|Any CPU.ActiveCfg = ExportRelease|Any CPU
		{FF89645B-804D-485D-BFAB-AA51330D8862}.ExportRelease|Any CPU.Build.0 = ExportRelease|Any CPU
	EndGlobalSection
EndGlobal
